// !$*UTF8*$!
{
	archiveVersion = 1;
	classes = {
	};
	objectVersion = 50;
	objects = {

/* Begin PBXBuildFile section */
		849AA85B238EF75400E58D24 /* AppDelegate.swift in Sources */ = {isa = PBXBuildFile; fileRef = 849AA85A238EF75400E58D24 /* AppDelegate.swift */; };
		849AA85D238EF75400E58D24 /* SceneDelegate.swift in Sources */ = {isa = PBXBuildFile; fileRef = 849AA85C238EF75400E58D24 /* SceneDelegate.swift */; };
		849AA85F238EF75400E58D24 /* ViewController.swift in Sources */ = {isa = PBXBuildFile; fileRef = 849AA85E238EF75400E58D24 /* ViewController.swift */; };
		849AA862238EF75400E58D24 /* Main.storyboard in Resources */ = {isa = PBXBuildFile; fileRef = 849AA860238EF75400E58D24 /* Main.storyboard */; };
		849AA864238EF75500E58D24 /* Assets.xcassets in Resources */ = {isa = PBXBuildFile; fileRef = 849AA863238EF75500E58D24 /* Assets.xcassets */; };
		849AA867238EF75500E58D24 /* LaunchScreen.storyboard in Resources */ = {isa = PBXBuildFile; fileRef = 849AA865238EF75500E58D24 /* LaunchScreen.storyboard */; };
		849AA871238F1D0200E58D24 /* TableViewCell.swift in Sources */ = {isa = PBXBuildFile; fileRef = 849AA870238F1D0200E58D24 /* TableViewCell.swift */; };
		849AA873238F233500E58D24 /* DetailViewController.swift in Sources */ = {isa = PBXBuildFile; fileRef = 849AA872238F233500E58D24 /* DetailViewController.swift */; };
		849AA875238F2B1800E58D24 /* AddingViewController.swift in Sources */ = {isa = PBXBuildFile; fileRef = 849AA874238F2B1800E58D24 /* AddingViewController.swift */; };
		84F852912395BF9700CFDD6F /* FoodData.swift in Sources */ = {isa = PBXBuildFile; fileRef = 84F852902395BF9700CFDD6F /* FoodData.swift */; };
		84F852932395C04900CFDD6F /* Food.swift in Sources */ = {isa = PBXBuildFile; fileRef = 84F852922395C04900CFDD6F /* Food.swift */; };
/* End PBXBuildFile section */

/* Begin PBXFileReference section */
		849AA857238EF75400E58D24 /* Fruits And Veggies.app */ = {isa = PBXFileReference; explicitFileType = wrapper.application; includeInIndex = 0; path = "Fruits And Veggies.app"; sourceTree = BUILT_PRODUCTS_DIR; };
		849AA85A238EF75400E58D24 /* AppDelegate.swift */ = {isa = PBXFileReference; lastKnownFileType = sourcecode.swift; path = AppDelegate.swift; sourceTree = "<group>"; };
		849AA85C238EF75400E58D24 /* SceneDelegate.swift */ = {isa = PBXFileReference; lastKnownFileType = sourcecode.swift; path = SceneDelegate.swift; sourceTree = "<group>"; };
		849AA85E238EF75400E58D24 /* ViewController.swift */ = {isa = PBXFileReference; lastKnownFileType = sourcecode.swift; path = ViewController.swift; sourceTree = "<group>"; };
		849AA861238EF75400E58D24 /* Base */ = {isa = PBXFileReference; lastKnownFileType = file.storyboard; name = Base; path = Base.lproj/Main.storyboard; sourceTree = "<group>"; };
		849AA863238EF75500E58D24 /* Assets.xcassets */ = {isa = PBXFileReference; lastKnownFileType = folder.assetcatalog; path = Assets.xcassets; sourceTree = "<group>"; };
		849AA866238EF75500E58D24 /* Base */ = {isa = PBXFileReference; lastKnownFileType = file.storyboard; name = Base; path = Base.lproj/LaunchScreen.storyboard; sourceTree = "<group>"; };
		849AA868238EF75500E58D24 /* Info.plist */ = {isa = PBXFileReference; lastKnownFileType = text.plist.xml; path = Info.plist; sourceTree = "<group>"; };
		849AA870238F1D0200E58D24 /* TableViewCell.swift */ = {isa = PBXFileReference; lastKnownFileType = sourcecode.swift; path = TableViewCell.swift; sourceTree = "<group>"; };
		849AA872238F233500E58D24 /* DetailViewController.swift */ = {isa = PBXFileReference; lastKnownFileType = sourcecode.swift; path = DetailViewController.swift; sourceTree = "<group>"; };
		849AA874238F2B1800E58D24 /* AddingViewController.swift */ = {isa = PBXFileReference; lastKnownFileType = sourcecode.swift; path = AddingViewController.swift; sourceTree = "<group>"; };
		84F852902395BF9700CFDD6F /* FoodData.swift */ = {isa = PBXFileReference; lastKnownFileType = sourcecode.swift; path = FoodData.swift; sourceTree = "<group>"; };
		84F852922395C04900CFDD6F /* Food.swift */ = {isa = PBXFileReference; lastKnownFileType = sourcecode.swift; path = Food.swift; sourceTree = "<group>"; };
/* End PBXFileReference section */

/* Begin PBXFrameworksBuildPhase section */
		849AA854238EF75400E58D24 /* Frameworks */ = {
			isa = PBXFrameworksBuildPhase;
			buildActionMask = 2147483647;
			files = (
			);
			runOnlyForDeploymentPostprocessing = 0;
		};
/* End PBXFrameworksBuildPhase section */

/* Begin PBXGroup section */
		849AA84E238EF75400E58D24 = {
			isa = PBXGroup;
			children = (
				849AA859238EF75400E58D24 /* Fruits And Veggies */,
				849AA858238EF75400E58D24 /* Products */,
			);
			sourceTree = "<group>";
		};
		849AA858238EF75400E58D24 /* Products */ = {
			isa = PBXGroup;
			children = (
				849AA857238EF75400E58D24 /* Fruits And Veggies.app */,
			);
			name = Products;
			sourceTree = "<group>";
		};
		849AA859238EF75400E58D24 /* Fruits And Veggies */ = {
			isa = PBXGroup;
			children = (
				849AA85A238EF75400E58D24 /* AppDelegate.swift */,
				849AA85C238EF75400E58D24 /* SceneDelegate.swift */,
				849AA85E238EF75400E58D24 /* ViewController.swift */,
				84F852902395BF9700CFDD6F /* FoodData.swift */,
				84F852922395C04900CFDD6F /* Food.swift */,
				849AA870238F1D0200E58D24 /* TableViewCell.swift */,
				849AA872238F233500E58D24 /* DetailViewController.swift */,
				849AA874238F2B1800E58D24 /* AddingViewController.swift */,
				849AA860238EF75400E58D24 /* Main.storyboard */,
				849AA863238EF75500E58D24 /* Assets.xcassets */,
				849AA865238EF75500E58D24 /* LaunchScreen.storyboard */,
				849AA868238EF75500E58D24 /* Info.plist */,
			);
			path = "Fruits And Veggies";
			sourceTree = "<group>";
		};
/* End PBXGroup section */

/* Begin PBXNativeTarget section */
		849AA856238EF75400E58D24 /* Fruits And Veggies */ = {
			isa = PBXNativeTarget;
			buildConfigurationList = 849AA86B238EF75500E58D24 /* Build configuration list for PBXNativeTarget "Fruits And Veggies" */;
			buildPhases = (
				849AA853238EF75400E58D24 /* Sources */,
				849AA854238EF75400E58D24 /* Frameworks */,
				849AA855238EF75400E58D24 /* Resources */,
			);
			buildRules = (
			);
			dependencies = (
			);
			name = "Fruits And Veggies";
			productName = "Fruits And Veggies";
			productReference = 849AA857238EF75400E58D24 /* Fruits And Veggies.app */;
			productType = "com.apple.product-type.application";
		};
/* End PBXNativeTarget section */

/* Begin PBXProject section */
		849AA84F238EF75400E58D24 /* Project object */ = {
			isa = PBXProject;
			attributes = {
				LastSwiftUpdateCheck = 1120;
				LastUpgradeCheck = 1120;
				ORGANIZATIONNAME = "Nick Haidari";
				TargetAttributes = {
					849AA856238EF75400E58D24 = {
						CreatedOnToolsVersion = 11.2.1;
					};
				};
			};
			buildConfigurationList = 849AA852238EF75400E58D24 /* Build configuration list for PBXProject "Fruits And Veggies" */;
			compatibilityVersion = "Xcode 9.3";
			developmentRegion = en;
			hasScannedForEncodings = 0;
			knownRegions = (
				en,
				Base,
			);
			mainGroup = 849AA84E238EF75400E58D24;
			productRefGroup = 849AA858238EF75400E58D24 /* Products */;
			projectDirPath = "";
			projectRoot = "";
			targets = (
				849AA856238EF75400E58D24 /* Fruits And Veggies */,
			);
		};
/* End PBXProject section */

/* Begin PBXResourcesBuildPhase section */
		849AA855238EF75400E58D24 /* Resources */ = {
			isa = PBXResourcesBuildPhase;
			buildActionMask = 2147483647;
			files = (
				849AA867238EF75500E58D24 /* LaunchScreen.storyboard in Resources */,
				849AA864238EF75500E58D24 /* Assets.xcassets in Resources */,
				849AA862238EF75400E58D24 /* Main.storyboard in Resources */,
			);
			runOnlyForDeploymentPostprocessing = 0;
		};
/* End PBXResourcesBuildPhase section */

/* Begin PBXSourcesBuildPhase section */
		849AA853238EF75400E58D24 /* Sources */ = {
			isa = PBXSourcesBuildPhase;
			buildActionMask = 2147483647;
			files = (
				84F852912395BF9700CFDD6F /* FoodData.swift in Sources */,
				849AA85F238EF75400E58D24 /* ViewController.swift in Sources */,
				849AA871238F1D0200E58D24 /* TableViewCell.swift in Sources */,
				849AA873238F233500E58D24 /* DetailViewController.swift in Sources */,
				849AA85B238EF75400E58D24 /* AppDelegate.swift in Sources */,
				84F852932395C04900CFDD6F /* Food.swift in Sources */,
				849AA85D238EF75400E58D24 /* SceneDelegate.swift in Sources */,
				849AA875238F2B1800E58D24 /* AddingViewController.swift in Sources */,
			);
			runOnlyForDeploymentPostprocessing = 0;
		};
/* End PBXSourcesBuildPhase section */

/* Begin PBXVariantGroup section */
		849AA860238EF75400E58D24 /* Main.storyboard */ = {
			isa = PBXVariantGroup;
			children = (
				849AA861238EF75400E58D24 /* Base */,
			);
			name = Main.storyboard;
			sourceTree = "<group>";
		};
		849AA865238EF75500E58D24 /* LaunchScreen.storyboard */ = {
			isa = PBXVariantGroup;
			children = (
				849AA866238EF75500E58D24 /* Base */,
			);
			name = LaunchScreen.storyboard;
			sourceTree = "<group>";
		};
/* End PBXVariantGroup section */

/* Begin XCBuildConfiguration section */
		849AA869238EF75500E58D24 /* Debug */ = {
			isa = XCBuildConfiguration;
			buildSettings = {
				ALWAYS_SEARCH_USER_PATHS = NO;
				CLANG_ANALYZER_NONNULL = YES;
				CLANG_ANALYZER_NUMBER_OBJECT_CONVERSION = YES_AGGRESSIVE;
				CLANG_CXX_LANGUAGE_STANDARD = "gnu++14";
				CLANG_CXX_LIBRARY = "libc++";
				CLANG_ENABLE_MODULES = YES;
				CLANG_ENABLE_OBJC_ARC = YES;
				CLANG_ENABLE_OBJC_WEAK = YES;
				CLANG_WARN_BLOCK_CAPTURE_AUTORELEASING = YES;
				CLANG_WARN_BOOL_CONVERSION = YES;
				CLANG_WARN_COMMA = YES;
				CLANG_WARN_CONSTANT_CONVERSION = YES;
				CLANG_WARN_DEPRECATED_OBJC_IMPLEMENTATIONS = YES;
				CLANG_WARN_DIRECT_OBJC_ISA_USAGE = YES_ERROR;
				CLANG_WARN_DOCUMENTATION_COMMENTS = YES;
				CLANG_WARN_EMPTY_BODY = YES;
				CLANG_WARN_ENUM_CONVERSION = YES;
				CLANG_WARN_INFINITE_RECURSION = YES;
				CLANG_WARN_INT_CONVERSION = YES;
				CLANG_WARN_NON_LITERAL_NULL_CONVERSION = YES;
				CLANG_WARN_OBJC_IMPLICIT_RETAIN_SELF = YES;
				CLANG_WARN_OBJC_LITERAL_CONVERSION = YES;
				CLANG_WARN_OBJC_ROOT_CLASS = YES_ERROR;
				CLANG_WARN_RANGE_LOOP_ANALYSIS = YES;
				CLANG_WARN_STRICT_PROTOTYPES = YES;
				CLANG_WARN_SUSPICIOUS_MOVE = YES;
				CLANG_WARN_UNGUARDED_AVAILABILITY = YES_AGGRESSIVE;
				CLANG_WARN_UNREACHABLE_CODE = YES;
				CLANG_WARN__DUPLICATE_METHOD_MATCH = YES;
				COPY_PHASE_STRIP = NO;
				DEBUG_INFORMATION_FORMAT = dwarf;
				ENABLE_STRICT_OBJC_MSGSEND = YES;
				ENABLE_TESTABILITY = YES;
				GCC_C_LANGUAGE_STANDARD = gnu11;
				GCC_DYNAMIC_NO_PIC = NO;
				GCC_NO_COMMON_BLOCKS = YES;
				GCC_OPTIMIZATION_LEVEL = 0;
				GCC_PREPROCESSOR_DEFINITIONS = (
					"DEBUG=1",
					"$(inherited)",
				);
				GCC_WARN_64_TO_32_BIT_CONVERSION = YES;
				GCC_WARN_ABOUT_RETURN_TYPE = YES_ERROR;
				GCC_WARN_UNDECLARED_SELECTOR = YES;
				GCC_WARN_UNINITIALIZED_AUTOS = YES_AGGRESSIVE;
				GCC_WARN_UNUSED_FUNCTION = YES;
				GCC_WARN_UNUSED_VARIABLE = YES;
				IPHONEOS_DEPLOYMENT_TARGET = 13.2;
				MTL_ENABLE_DEBUG_INFO = INCLUDE_SOURCE;
				MTL_FAST_MATH = YES;
				ONLY_ACTIVE_ARCH = YES;
				SDKROOT = iphoneos;
				SWIFT_ACTIVE_COMPILATION_CONDITIONS = DEBUG;
				SWIFT_OPTIMIZATION_LEVEL = "-Onone";
			};
			name = Debug;
		};
		849AA86A238EF75500E58D24 /* Release */ = {
			isa = XCBuildConfiguration;
			buildSettings = {
				ALWAYS_SEARCH_USER_PATHS = NO;
				CLANG_ANALYZER_NONNULL = YES;
				CLANG_ANALYZER_NUMBER_OBJECT_CONVERSION = YES_AGGRESSIVE;
				CLANG_CXX_LANGUAGE_STANDARD = "gnu++14";
				CLANG_CXX_LIBRARY = "libc++";
				CLANG_ENABLE_MODULES = YES;
				CLANG_ENABLE_OBJC_ARC = YES;
				CLANG_ENABLE_OBJC_WEAK = YES;
				CLANG_WARN_BLOCK_CAPTURE_AUTORELEASING = YES;
				CLANG_WARN_BOOL_CONVERSION = YES;
				CLANG_WARN_COMMA = YES;
				CLANG_WARN_CONSTANT_CONVERSION = YES;
				CLANG_WARN_DEPRECATED_OBJC_IMPLEMENTATIONS = YES;
				CLANG_WARN_DIRECT_OBJC_ISA_USAGE = YES_ERROR;
				CLANG_WARN_DOCUMENTATION_COMMENTS = YES;
				CLANG_WARN_EMPTY_BODY = YES;
				CLANG_WARN_ENUM_CONVERSION = YES;
				CLANG_WARN_INFINITE_RECURSION = YES;
				CLANG_WARN_INT_CONVERSION = YES;
				CLANG_WARN_NON_LITERAL_NULL_CONVERSION = YES;
				CLANG_WARN_OBJC_IMPLICIT_RETAIN_SELF = YES;
				CLANG_WARN_OBJC_LITERAL_CONVERSION = YES;
				CLANG_WARN_OBJC_ROOT_CLASS = YES_ERROR;
				CLANG_WARN_RANGE_LOOP_ANALYSIS = YES;
				CLANG_WARN_STRICT_PROTOTYPES = YES;
				CLANG_WARN_SUSPICIOUS_MOVE = YES;
				CLANG_WARN_UNGUARDED_AVAILABILITY = YES_AGGRESSIVE;
				CLANG_WARN_UNREACHABLE_CODE = YES;
				CLANG_WARN__DUPLICATE_METHOD_MATCH = YES;
				COPY_PHASE_STRIP = NO;
				DEBUG_INFORMATION_FORMAT = "dwarf-with-dsym";
				ENABLE_NS_ASSERTIONS = NO;
				ENABLE_STRICT_OBJC_MSGSEND = YES;
				GCC_C_LANGUAGE_STANDARD = gnu11;
				GCC_NO_COMMON_BLOCKS = YES;
				GCC_WARN_64_TO_32_BIT_CONVERSION = YES;
				GCC_WARN_ABOUT_RETURN_TYPE = YES_ERROR;
				GCC_WARN_UNDECLARED_SELECTOR = YES;
				GCC_WARN_UNINITIALIZED_AUTOS = YES_AGGRESSIVE;
				GCC_WARN_UNUSED_FUNCTION = YES;
				GCC_WARN_UNUSED_VARIABLE = YES;
				IPHONEOS_DEPLOYMENT_TARGET = 13.2;
				MTL_ENABLE_DEBUG_INFO = NO;
				MTL_FAST_MATH = YES;
				SDKROOT = iphoneos;
				SWIFT_COMPILATION_MODE = wholemodule;
				SWIFT_OPTIMIZATION_LEVEL = "-O";
				VALIDATE_PRODUCT = YES;
			};
			name = Release;
		};
		849AA86C238EF75500E58D24 /* Debug */ = {
			isa = XCBuildConfiguration;
			buildSettings = {
				ASSETCATALOG_COMPILER_APPICON_NAME = AppIcon;
				CODE_SIGN_STYLE = Automatic;
				DEVELOPMENT_TEAM = 2SL6LL2TA9;
				INFOPLIST_FILE = "Fruits And Veggies/Info.plist";
				LD_RUNPATH_SEARCH_PATHS = (
					"$(inherited)",
					"@executable_path/Frameworks",
				);
				PRODUCT_BUNDLE_IDENTIFIER = "Nick-Haidari.Fruits-And-Veggies";
				PRODUCT_NAME = "$(TARGET_NAME)";
				SWIFT_VERSION = 5.0;
				TARGETED_DEVICE_FAMILY = "1,2";
			};
			name = Debug;
		};
		849AA86D238EF75500E58D24 /* Release */ = {
			isa = XCBuildConfiguration;
			buildSettings = {
				ASSETCATALOG_COMPILER_APPICON_NAME = AppIcon;
				CODE_SIGN_STYLE = Automatic;
				DEVELOPMENT_TEAM = 2SL6LL2TA9;
				INFOPLIST_FILE = "Fruits And Veggies/Info.plist";
				LD_RUNPATH_SEARCH_PATHS = (
					"$(inherited)",
					"@executable_path/Frameworks",
				);
				PRODUCT_BUNDLE_IDENTIFIER = "Nick-Haidari.Fruits-And-Veggies";
				PRODUCT_NAME = "$(TARGET_NAME)";
				SWIFT_VERSION = 5.0;
				TARGETED_DEVICE_FAMILY = "1,2";
			};
			name = Release;
		};
/* End XCBuildConfiguration section */

/* Begin XCConfigurationList section */
		849AA852238EF75400E58D24 /* Build configuration list for PBXProject "Fruits And Veggies" */ = {
			isa = XCConfigurationList;
			buildConfigurations = (
				849AA869238EF75500E58D24 /* Debug */,
				849AA86A238EF75500E58D24 /* Release */,
			);
			defaultConfigurationIsVisible = 0;
			defaultConfigurationName = Release;
		};
		849AA86B238EF75500E58D24 /* Build configuration list for PBXNativeTarget "Fruits And Veggies" */ = {
			isa = XCConfigurationList;
			buildConfigurations = (
				849AA86C238EF75500E58D24 /* Debug */,
				849AA86D238EF75500E58D24 /* Release */,
			);
			defaultConfigurationIsVisible = 0;
			defaultConfigurationName = Release;
		};
/* End XCConfigurationList section */
	};
	rootObject = 849AA84F238EF75400E58D24 /* Project object */;
}
